version = 1
revision = 3
requires-python = "==3.14.*"

[[package]]
name = "beautifulsoup4"
version = "4.14.3"
source = { registry = "https://pypi.org/simple" }
dependencies = [
    { name = "soupsieve" },
    { name = "typing-extensions" },
]
sdist = { url = "https://files.pythonhosted.org/packages/c3/b0/1c6a16426d389813b48d95e26898aff79abbde42ad353958ad95cc8c9b21/beautifulsoup4-4.14.3.tar.gz", hash = "sha256:6292b1c5186d356bba669ef9f7f051757099565ad9ada5dd630bd9de5fa7fb86", size = 627737, upload-time = "2025-11-30T15:08:26.084Z" }
wheels = [
    { url = "https://files.pythonhosted.org/packages/1a/39/47f9197bdd44df24d67ac8893641e16f386c984a0619ef2ee4c51fbbc019/beautifulsoup4-4.14.3-py3-none-any.whl", hash = "sha256:0918bfe44902e6ad8d57732ba310582e98da931428d231a5ecb9e7c703a735bb", size = 107721, upload-time = "2025-11-30T15:08:24.087Z" },
]

[[package]]
name = "hockey-stats"
version = "0.1.0"
source = { editable = "." }
dependencies = [
    { name = "beautifulsoup4" },
    { name = "numpy" },
    { name = "scipy" },
]

[package.metadata]
requires-dist = [
    { name = "beautifulsoup4", specifier = "==4.14.3" },
    { name = "numpy", specifier = "==2.5.3" },
    { name = "scipy", specifier = "==1.18.1" },
]

[[package]]
name = "numpy"
version = "2.5.3"
source = { registry = "https://pypi.org/simple" }
sdist = { url = "https://files.pythonhosted.org/packages/13/01/11703282db468b85f6f7b8c7f22d058de5970d5c7e60a3a8aaa313c3de36/numpy-2.5.3.tar.gz", hash = "sha256:df2d5874ff183595a4ba404edd04f6bd9b5505c1d7708573f6a6c17489a67563", size = 20791231, upload-time = "2026-09-06T16:27:47.073Z" }
wheels = [
    { url = "https://files.pythonhosted.org/packages/70/78/cf416f15dc29375a229d9dfebf8db6e313f291580b39fa1a568b6052bb07/numpy-2.5.3-cp314-cp314-macosx_10_15_x86_64.whl", hash = "sha256:350ba9783ce969cf9f7ce6e6a9a58e1a6e2a19ca025b7ee448c4db727706212a", size = 16998686, upload-time = "2026-09-06T16:25:33.171Z" },
    { url = "https://files.pythonhosted.org/packages/9e/59/abcc2d8def4fd60eec7d87f92d27c13448ffd9ab14339bcc63a0d7a2fdea/numpy-2.5.3-cp314-cp314-macosx_11_0_arm64.whl", hash = "sha256:012e66aca395d795496446e52aeeb5866312a5d4d3f27da270e5a0b43f70dc5c", size = 12013862, upload-time = "2026-09-06T16:25:36.748Z" },
    { url = "https://files.pythonhosted.org/packages/94/75/4640d2d6e4b64a049e48425a82728a41ef4adb61332d2cba68055774878b/numpy-2.5.3-cp314-cp314-macosx_14_0_arm64.whl", hash = "sha256:adc1ada2662f8a5f960b8a10d9986897e7499ef07e06d4cfe7197f8cce923c07", size = 5449793, upload-time = "2026-09-06T16:25:39.476Z" },
    { url = "https://files.pythonhosted.org/packages/96/cd/625b57ae33d4ca560f32cc0b47b4a5922146d9beb998ddf773900d440a73/numpy-2.5.3-cp314-cp314-macosx_14_0_x86_64.whl", hash = "sha256:54a115e5a73b8fc44f0cebef486365a1894b5c9760685d4558b72b7c3eb846e0", size = 6785176, upload-time = "2026-09-06T16:25:42.069Z" },
    { url = "https://files.pythonhosted.org/packages/9c/72/12918652e7912ef9751e8694c88820fcd1908e0618cb23f5f3caa6004b7b/numpy-2.5.3-cp314-cp314-manylinux_2_27_aarch64.manylinux_2_28_aarch64.whl", hash = "sha256:be5a8381859b6da607c84f4f7d6847725f1cf1853ef8a2c9e115b7d58bef47dc", size = 15703377, upload-time = "2026-09-06T16:25:45.135Z" },
    { url = "https://files.pythonhosted.org/packages/45/8f/9beacf79ca7c650688ad0baa80931adb988fe6e6e5d5903c23cc3dbd70eb/numpy-2.5.3-cp314-cp314-manylinux_2_27_x86_64.manylinux_2_28_x86_64.whl", hash = "sha256:b0521d0f4aebb6e06189451025fa17a913287b13c03d5fe05c017333b654ea5b", size = 16711928, upload-time = "2026-09-06T16:25:48.461Z" },
    { url = "https://files.pythonhosted.org/packages/09/8d/41d0a56e1ac4c87495c897a211b1368691b7237aadabec8b3b8f3a74d48f/numpy-2.5.3-cp314-cp314-musllinux_1_2_aarch64.whl", hash = "sha256:9deb49575e5b0b94ed72c8a64ec4d033381adc27e9060ae842971f697ba96104", size = 17059507, upload-time = "2026-09-06T16:25:51.873Z" },
    { url = "https://files.pythonhosted.org/packages/08/1e/0dfbc5cc251d54e2af790f254d24ec38637fa97ec7d5d11de7ffed787098/numpy-2.5.3-cp314-cp314-musllinux_1_2_x86_64.whl", hash = "sha256:b00eefbcf0f292945c4b4dec2ae845389ef5bcdcd596e6e4328051db5b5ba694", size = 18471002, upload-time = "2026-09-06T16:25:55.233Z" },
    { url = "https://files.pythonhosted.org/packages/b5/2c/dfa40f6991f8185c8c30ffd023dfcbb11888e823cfab9557b920f3bb7bed/numpy-2.5.3-cp314-cp314-win32.whl", hash = "sha256:c2381f82999704f818e2c987a865050e285ec3621262c66d40f5a96c8f899f8e", size = 6180485, upload-time = "2026-09-06T16:25:58.157Z" },
    { url = "https://files.pythonhosted.org/packages/a4/73/d2c08231e4fde7e415501fd02c715d96e98599b2d8384445933944152984/numpy-2.5.3-cp314-cp314-win_amd64.whl", hash = "sha256:2c25dfa72943e4336ddb6b0ee4277b47a0c85bede0807530ec68103bf58e2c10", size = 12698179, upload-time = "2026-09-06T16:26:00.789Z" },
    { url = "https://files.pythonhosted.org/packages/5c/e9/dcdcc9b95cf5f49815055573aee1b11cfbf5299f38a180e437ded050810f/numpy-2.5.3-cp314-cp314-win_arm64.whl", hash = "sha256:15aa985ac73a8db02db7663381aa109510449d3819d37206caed27b33a65a8a6", size = 10769383, upload-time = "2026-09-06T16:26:04.011Z" },
    { url = "https://files.pythonhosted.org/packages/49/c4/af8bc08a7ef4e1529a7c0cf24969accce316b783999802089a581ec99272/numpy-2.5.3-cp314-cp314t-macosx_11_0_arm64.whl", hash = "sha256:ac7bb1c52d445bd4f8f7f97fefe6abc3a084dc4d63df50d79b17fa2b78e89297", size = 12132668, upload-time = "2026-09-06T16:26:07.138Z" },
    { url = "https://files.pythonhosted.org/packages/c5/ae/0f15eb56d4ec5e13c1f7ff04ff407f997d1acbadb45d3e1f2e2645a8f43c/numpy-2.5.3-cp314-cp314t-macosx_14_0_arm64.whl", hash = "sha256:e6ab667ba76450084eb64013762c438ea76d9d29cc676dcd6c2e9892ba37f841", size = 5568580, upload-time = "2026-09-06T16:26:09.828Z" },
    { url = "https://files.pythonhosted.org/packages/23/fb/c72a8f25d4b6e96c354e7ab45ace3b27dc11e5d6a13b6c7d0cd6b08bf112/numpy-2.5.3-cp314-cp314t-macosx_14_0_x86_64.whl", hash = "sha256:f7fabeb6cea87d65f3b926de33d03fb016cfdc29314c90974383b5582ae72891", size = 6882634, upload-time = "2026-09-06T16:26:12.524Z" },
    { url = "https://files.pythonhosted.org/packages/07/a9/968c90ed2ab15060c338e8137f1215b5a60756ae07328e0a60d1c6734df4/numpy-2.5.3-cp314-cp314t-manylinux_2_27_aarch64.manylinux_2_28_aarch64.whl", hash = "sha256:1fb6f8fb9ff0b3a69f52c66ce397b0246583e9f28616231b0e32ca49259a5fa6", size = 15748923, upload-time = "2026-09-06T16:26:15.092Z" },
    { url = "https://files.pythonhosted.org/packages/59/08/9df04103947b95e3b6b1f2ed1a70521f325647a31b82da6a2aae3a485508/numpy-2.5.3-cp314-cp314t-manylinux_2_27_x86_64.manylinux_2_28_x86_64.whl", hash = "sha256:93e1f5447e2b1e479d7bd74701e84746b86450cff1fc368b132d195e2b8f8211", size = 16746748, upload-time = "2026-09-06T16:26:18.43Z" },
    { url = "https://files.pythonhosted.org/packages/41/a0/14c8d5fe5b53a334aabb653deb391c0fef49558f491880ea300ed6785224/numpy-2.5.3-cp314-cp314t-musllinux_1_2_aarch64.whl", hash = "sha256:c00abe94c1a69d75d827dcf1c025b25c8a45d230b3bcd77a9020883a1b047653", size = 17111561, upload-time = "2026-09-06T16:26:22.113Z" },
    { url = "https://files.pythonhosted.org/packages/c4/a6/d7e96e42f01522e154c32489640f16dfc4f6181d165d05fc3bec8c2c4999/numpy-2.5.3-cp314-cp314t-musllinux_1_2_x86_64.whl", hash = "sha256:536f963710a4e63934d80ac0dc4f478804a83e9a84b6828018f25d09953ada33", size = 18513945, upload-time = "2026-09-06T16:26:25.401Z" },
    { url = "https://files.pythonhosted.org/packages/25/39/3453afb7119d0449ef11c886874120ff180e2c337760e0e2d88f70f1a945/numpy-2.5.3-cp314-cp314t-win32.whl", hash = "sha256:4c8a6d2ebce6305fd82fbefca827775437147052a976ee7c94b36a0c1b52ac6c", size = 6335421, upload-time = "2026-09-06T16:26:28.175Z" },
    { url = "https://files.pythonhosted.org/packages/99/01/22815d2b19a1a746b1d45205cffebb3fe511a18acb75fba6c88491fc9894/numpy-2.5.3-cp314-cp314t-win_amd64.whl", hash = "sha256:9a37475425b431b4d060f23b4f52cd2f3aef6bc7c654bd760adf0040eec9d435", size = 12896420, upload-time = "2026-09-06T16:26:31.265Z" },
    { url = "https://files.pythonhosted.org/packages/fa/ee/a7cbba67eeaff038dc29ca8b98a88396c8b0cc9c89d4924f4a27a5c9150b/numpy-2.5.3-cp314-cp314t-win_arm64.whl", hash = "sha256:2d8240cb4c16fd831074aa2b2cf9fc54664d826341d61c372245b96a74a49a9a", size = 10857177, upload-time = "2026-09-06T16:26:34.167Z" },
]

[[package]]
name = "scipy"
version = "1.18.1"
source = { registry = "https://pypi.org/simple" }
dependencies = [
    { name = "numpy" },
]
sdist = { url = "https://files.pythonhosted.org/packages/7e/74/66de6258867beb2ef08f35f9f2ac017a52cacd5081714d239ff1a442d458/scipy-1.18.1.tar.gz", hash = "sha256:52c4b7422442aba924d03ad4019852b08a92e64ea187b933135687bfe2747307", size = 30781235, upload-time = "2026-08-21T23:28:50.599Z" }
wheels = [
    { url = "https://files.pythonhosted.org/packages/06/d5/d8eb4e280ddb56a4ab2c6f02ee49b56b23f6e977cf0802fd6d68dbef14f5/scipy-1.18.1-cp314-cp314-macosx_10_15_x86_64.whl", hash = "sha256:83de5453a7799afc9048b4616bd085cef126e36412f0ea2f6370c36a2a3a51e7", size = 31090936, upload-time = "2026-08-21T23:25:28.686Z" },
    { url = "https://files.pythonhosted.org/packages/2a/49/59ea385dc3a62ff498ddf3cfff7c2b41b0f9f9d3c4122b3f1dcb6d6327fe/scipy-1.18.1-cp314-cp314-macosx_12_0_arm64.whl", hash = "sha256:9554bcc6d715ee87a633a3cc8e7703c6628b100dd29cb8a2efc4c0533c7ff729", size = 28725221, upload-time = "2026-08-21T23:25:33.244Z" },
    { url = "https://files.pythonhosted.org/packages/70/e8/6b0c288c50942d78193696c9f15f9a0874f5178aa0ddf40f83d9924b3e8d/scipy-1.18.1-cp314-cp314-macosx_14_0_arm64.whl", hash = "sha256:011413b7426b75012840e35649e00fe0a2c3bae89fed433876e3a99251572efc", size = 20466839, upload-time = "2026-08-21T23:25:37.516Z" },
    { url = "https://files.pythonhosted.org/packages/4b/e0/54fd3793c729e3b936782f181b59cbb1205bf250ab605a16cb1ba61cdd5e/scipy-1.18.1-cp314-cp314-macosx_14_0_x86_64.whl", hash = "sha256:88f0e784020649f88ea48c9f5ddfa403bf9205820667c0914740b392035afb82", size = 23089121, upload-time = "2026-08-21T23:25:42.019Z" },
    { url = "https://files.pythonhosted.org/packages/0b/56/030af62bea3cf878e0028515dff78c123b01633606a879b63f42d2db99cc/scipy-1.18.1-cp314-cp314-manylinux_2_27_aarch64.manylinux_2_28_aarch64.whl", hash = "sha256:2d3ab0e8c69a17dd3559eab8cbb88f258e285c94d572c2719033f90f83290c89", size = 34053851, upload-time = "2026-08-21T23:25:47.998Z" },
    { url = "https://files.pythonhosted.org/packages/6b/89/2a844506d49651e9aa1af6ef95b6bd8031cb1d5a4375edec6155037e04cf/scipy-1.18.1-cp314-cp314-manylinux_2_27_x86_64.manylinux_2_28_x86_64.whl", hash = "sha256:ac0333bdf38309aa3dcbe7e3fa7ea29e7a2c37c6ea306a757b700ded8e4596ad", size = 35329183, upload-time = "2026-08-21T23:25:53.522Z" },
    { url = "https://files.pythonhosted.org/packages/eb/56/c7370c3640e92ac9613cbf26cb3f729f9b12ddf1727b55b94b53b24d6f48/scipy-1.18.1-cp314-cp314-musllinux_1_2_aarch64.whl", hash = "sha256:911de823097db8b63f034299d12662db93344e6ffa0b881cbb57748974b70168", size = 35672551, upload-time = "2026-08-21T23:25:59.387Z" },
    { url = "https://files.pythonhosted.org/packages/24/16/ec8536f351421f8bf60a1120930638f83790f4710b8230446aca3d6159d4/scipy-1.18.1-cp314-cp314-musllinux_1_2_x86_64.whl", hash = "sha256:95298364e251be3e60249facbeeca03631d3bb7584f85879516ec55ac717b81f", size = 37469416, upload-time = "2026-08-21T23:26:05.432Z" },
    { url = "https://files.pythonhosted.org/packages/52/94/d73da0d28f16c45bb9b0a5691b91610b0275c5ef0eb5e43c87cf2dc1bf31/scipy-1.18.1-cp314-cp314-win_amd64.whl", hash = "sha256:78a0d7c918e74a232394117160e7e3db503377572a45bcef8826e4ab8a35feba", size = 37362755, upload-time = "2026-08-21T23:26:11.366Z" },
    { url = "https://files.pythonhosted.org/packages/89/25/e996e4dc74e10e227b1e14db5eaf6608bb6dd33884a64851c38f18dd4249/scipy-1.18.1-cp314-cp314-win_arm64.whl", hash = "sha256:cbf38d043c1aa4ab306e1ada6ab6eddacc3322a20b7af1b30bc93254b366fe09", size = 25036090, upload-time = "2026-08-21T23:26:15.887Z" },
    { url = "https://files.pythonhosted.org/packages/fa/c9/c00213f92309d753b48903e6a451b87eb52ff5b7a16e789d1568bbf221c4/scipy-1.18.1-cp314-cp314t-macosx_10_15_x86_64.whl", hash = "sha256:0fcb3c93519f27bb4f0c4b0f7802cdcaca7fcf93267b75edda2e9f4e8a55cbd7", size = 31485550, upload-time = "2026-08-21T23:26:20.776Z" },
    { url = "https://files.pythonhosted.org/packages/74/b2/e3067c487982d4eeab2938928529410370c06fea84a4d3f4925e7d96647d/scipy-1.18.1-cp314-cp314t-macosx_12_0_arm64.whl", hash = "sha256:ddef79fb382df40104a19bb7151b3b23e57c1778fcf857c71ceecd9bd264513f", size = 29174642, upload-time = "2026-08-21T23:26:25.395Z" },
    { url = "https://files.pythonhosted.org/packages/d5/ab/374c9fe2d1ec014e576c781a4b5d8e1ba340e8f6b4638c16f711d2b194f0/scipy-1.18.1-cp314-cp314t-macosx_14_0_arm64.whl", hash = "sha256:0e82073ecc7acc6436fac4b31674109c7e1d3e596789767eda01258a8c9e8123", size = 20916357, upload-time = "2026-08-21T23:26:30.112Z" },
    { url = "https://files.pythonhosted.org/packages/90/38/223915c88a17317cafbf8ca2a42b11c265a9fb1e804aa665544132b5fe8a/scipy-1.18.1-cp314-cp314t-macosx_14_0_x86_64.whl", hash = "sha256:8bcf3c1ba5d6456e2effd30fcbd3459b044d683fcdac79a2e6830f0bdf7de487", size = 23482611, upload-time = "2026-08-21T23:26:34.846Z" },
    { url = "https://files.pythonhosted.org/packages/c4/d1/db0948da8ca57a80b36520ef0a768b967d99f3af65f4b6f1bf6362ad4dd4/scipy-1.18.1-cp314-cp314t-manylinux_2_27_aarch64.manylinux_2_28_aarch64.whl", hash = "sha256:cfbf154f2ba187f2ed6cce2639efff7d105f1140573642c0161615b6d91d6a87", size = 34143202, upload-time = "2026-08-21T23:26:40.4Z" },
    { url = "https://files.pythonhosted.org/packages/87/53/39d046cc7574ed6acacb6bd5723e220107ece80bff12faaf3efc4ddeede4/scipy-1.18.1-cp314-cp314t-manylinux_2_27_x86_64.manylinux_2_28_x86_64.whl", hash = "sha256:a1d33a7836f7ddc1993427966a0823468ec41bcbdb1a9f9942d1d7e57f803ba3", size = 35380876, upload-time = "2026-08-21T23:26:46.1Z" },
    { url = "https://files.pythonhosted.org/packages/f9/da/32e0e799d875a85ca57d9bde6c78148afcc0e38276df683d95854eadc8c3/scipy-1.18.1-cp314-cp314t-musllinux_1_2_aarch64.whl", hash = "sha256:7f4b8bc363b6d65ee2152bec57568e3c52639bb34c46057b09857a307ed5e21d", size = 35770885, upload-time = "2026-08-21T23:26:51.533Z" },
    { url = "https://files.pythonhosted.org/packages/88/2e/f97a666d362fee68b18f41c9c30ed502ca5c98b549749bfcb52a8b74d1eb/scipy-1.18.1-cp314-cp314t-musllinux_1_2_x86_64.whl", hash = "sha256:11c423f1049c5755ad4409af52a9ada1cff96fe9b50795d4af3619f292901239", size = 37525424, upload-time = "2026-08-21T23:26:56.751Z" },
    { url = "https://files.pythonhosted.org/packages/ca/d5/a9e765a84654ebba8479a1fd1b059ced1af72b168a3b2a3a46540ea38d20/scipy-1.18.1-cp314-cp314t-win_amd64.whl", hash = "sha256:c24acac1e18912761c4700239bbc1fd32f615af690f1584d49b35859be51324d", size = 37416961, upload-time = "2026-08-21T23:27:01.546Z" },
    { url = "https://files.pythonhosted.org/packages/ee/16/e79e0d1c63ef698879d85439d37e9fb434e3b804e506a6991038d086ebd9/scipy-1.18.1-cp314-cp314t-win_arm64.whl", hash = "sha256:9f2897bf7737392ad0d5213ea7b6add72a4edf5679b3153106aeb88b6507b3b9", size = 25331848, upload-time = "2026-08-21T23:27:05.884Z" },
]

[[package]]
name = "soupsieve"
version = "2.10"
source = { registry = "https://pypi.org/simple" }
sdist = { url = "https://files.pythonhosted.org/packages/71/c3/1b817965ac12dc002d7c9cd7dfffdd7d4fbf9b45763ef2ffe7b86ee94670/soupsieve-2.10.tar.gz", hash = "sha256:49e9380d7d2905463583bafe285e818c7366a9ed7b3aee221c1ac79c905d8bc0", size = 124337, upload-time = "2026-09-24T02:36:35.048Z" }
wheels = [
    { url = "https://files.pythonhosted.org/packages/66/87/5ed59e1d0290564e2027ed066c52b059892c4637741337fc0967183c8d4d/soupsieve-2.10-py3-none-any.whl", hash = "sha256:8596eb8967d744174820280fa62b4542a2e955bfaccca73ed8a13c6eb8e9b502", size = 38019, upload-time = "2026-09-24T02:36:33.709Z" },
]

[[package]]
name = "typing-extensions"
version = "4.16.0"
source = { registry = "https://pypi.org/simple" }
sdist = { url = "https://files.pythonhosted.org/packages/f6/cc/6253133b5bb138fc3306cebfbda2c520f545d36b5be2c7255cc528bb45d6/typing_extensions-4.16.0.tar.gz", hash = "sha256:dc983d19a509c94dba722ee6abd33940f7c05a89e243c47e907eb4db6f1a43e5", size = 113555, upload-time = "2026-07-02T08:40:05.92Z" }
wheels = [
    { url = "https://files.pythonhosted.org/packages/49/d3/b8441a820a491ddfc024b0b0cf0393375b75ea13866d9c66727e54c2fc80/typing_extensions-4.16.0-py3-none-any.whl", hash = "sha256:481caa481374e813c1b176ada14e97f1f67a4539ce9cfeb3f350d78d6370c2e8", size = 45571, upload-time = "2026-07-02T08:40:04.659Z" },
]
